
Microsoft Visual Studio Solution File, Format Version 12.00
# Visual Studio 2012
Project("{FAE04EC0-301F-11D3-BF4B-00C04F79EFBC}") = "Message", "Message\Message.csproj", "{BDC8348C-A0D3-4D98-A918-3A0EE96B7B14}"
EndProject
Project("{FAE04EC0-301F-11D3-BF4B-00C04F79EFBC}") = "Forum", "Forum\Forum.csproj", "{3EC39945-A4A6-47F8-9D63-EAA50E3C8978}"
EndProject
Project("{FAE04EC0-301F-11D3-BF4B-00C04F79EFBC}") = "User", "User\User.csproj", "{F940FC06-776F-4C10-BCD2-065589B28704}"
EndProject
Project("{2150E333-8FDC-42A3-9474-1A3956D46DE8}") = "Services", "Services", "{F34A1AC6-547E-47C6-A2FE-788086ACAE72}"
EndProject
Project("{FAE04EC0-301F-11D3-BF4B-00C04F79EFBC}") = "Interfaces", "Interfaces\Interfaces.csproj", "{D703D080-077B-47AD-9DDB-790E37803D59}"
EndProject
Project("{FAE04EC0-301F-11D3-BF4B-00C04F79EFBC}") = "testProject", "testProject\testProject.csproj", "{A70F8676-8970-4CC8-AAE5-8A574B50F924}"
EndProject
Project("{FAE04EC0-301F-11D3-BF4B-00C04F79EFBC}") = "Notification", "Notification\Notification.csproj", "{CD7BFCB0-9183-4222-8176-D42B80E991DE}"
EndProject
Global
	GlobalSection(SolutionConfigurationPlatforms) = preSolution
		Debug|Any CPU = Debug|Any CPU
		Release|Any CPU = Release|Any CPU
	EndGlobalSection
	GlobalSection(ProjectConfigurationPlatforms) = postSolution
		{BDC8348C-A0D3-4D98-A918-3A0EE96B7B14}.Debug|Any CPU.ActiveCfg = Debug|Any CPU
		{BDC8348C-A0D3-4D98-A918-3A0EE96B7B14}.Debug|Any CPU.Build.0 = Debug|Any CPU
		{BDC8348C-A0D3-4D98-A918-3A0EE96B7B14}.Release|Any CPU.ActiveCfg = Release|Any CPU
		{BDC8348C-A0D3-4D98-A918-3A0EE96B7B14}.Release|Any CPU.Build.0 = Release|Any CPU
		{3EC39945-A4A6-47F8-9D63-EAA50E3C8978}.Debug|Any CPU.ActiveCfg = Debug|Any CPU
		{3EC39945-A4A6-47F8-9D63-EAA50E3C8978}.Debug|Any CPU.Build.0 = Debug|Any CPU
		{3EC39945-A4A6-47F8-9D63-EAA50E3C8978}.Release|Any CPU.ActiveCfg = Release|Any CPU
		{3EC39945-A4A6-47F8-9D63-EAA50E3C8978}.Release|Any CPU.Build.0 = Release|Any CPU
		{F940FC06-776F-4C10-BCD2-065589B28704}.Debug|Any CPU.ActiveCfg = Debug|Any CPU
		{F940FC06-776F-4C10-BCD2-065589B28704}.Debug|Any CPU.Build.0 = Debug|Any CPU
		{F940FC06-776F-4C10-BCD2-065589B28704}.Release|Any CPU.ActiveCfg = Release|Any CPU
		{F940FC06-776F-4C10-BCD2-065589B28704}.Release|Any CPU.Build.0 = Release|Any CPU
		{D703D080-077B-47AD-9DDB-790E37803D59}.Debug|Any CPU.ActiveCfg = Debug|Any CPU
		{D703D080-077B-47AD-9DDB-790E37803D59}.Debug|Any CPU.Build.0 = Debug|Any CPU
		{D703D080-077B-47AD-9DDB-790E37803D59}.Release|Any CPU.ActiveCfg = Release|Any CPU
		{D703D080-077B-47AD-9DDB-790E37803D59}.Release|Any CPU.Build.0 = Release|Any CPU
		{A70F8676-8970-4CC8-AAE5-8A574B50F924}.Debug|Any CPU.ActiveCfg = Debug|Any CPU
		{A70F8676-8970-4CC8-AAE5-8A574B50F924}.Debug|Any CPU.Build.0 = Debug|Any CPU
		{A70F8676-8970-4CC8-AAE5-8A574B50F924}.Release|Any CPU.ActiveCfg = Release|Any CPU
		{A70F8676-8970-4CC8-AAE5-8A574B50F924}.Release|Any CPU.Build.0 = Release|Any CPU
		{CD7BFCB0-9183-4222-8176-D42B80E991DE}.Debug|Any CPU.ActiveCfg = Debug|Any CPU
		{CD7BFCB0-9183-4222-8176-D42B80E991DE}.Debug|Any CPU.Build.0 = Debug|Any CPU
		{CD7BFCB0-9183-4222-8176-D42B80E991DE}.Release|Any CPU.ActiveCfg = Release|Any CPU
		{CD7BFCB0-9183-4222-8176-D42B80E991DE}.Release|Any CPU.Build.0 = Release|Any CPU
	EndGlobalSection
	GlobalSection(SolutionProperties) = preSolution
		HideSolutionNode = FALSE
	EndGlobalSection
EndGlobal
