
Microsoft Visual Studio Solution File, Format Version 12.00
# Visual Studio 2012
Project("{FAE04EC0-301F-11D3-BF4B-00C04F79EFBC}") = "Message", "Message\Message.csproj", "{BDC8348C-A0D3-4D98-A918-3A0EE96B7B14}"
EndProject
Project("{FAE04EC0-301F-11D3-BF4B-00C04F79EFBC}") = "Forum", "Forum\Forum.csproj", "{3EC39945-A4A6-47F8-9D63-EAA50E3C8978}"
EndProject
Project("{FAE04EC0-301F-11D3-BF4B-00C04F79EFBC}") = "User", "User\User.csproj", "{F940FC06-776F-4C10-BCD2-065589B28704}"
EndProject
Project("{FAE04EC0-301F-11D3-BF4B-00C04F79EFBC}") = "Interfaces", "Interfaces\Interfaces.csproj", "{D703D080-077B-47AD-9DDB-790E37803D59}"
EndProject
Project("{FAE04EC0-301F-11D3-BF4B-00C04F79EFBC}") = "testProject", "testProject\testProject.csproj", "{A70F8676-8970-4CC8-AAE5-8A574B50F924}"
EndProject
Project("{FAE04EC0-301F-11D3-BF4B-00C04F79EFBC}") = "Notification", "Notification\Notification.csproj", "{CD7BFCB0-9183-4222-8176-D42B80E991DE}"
EndProject
Project("{FAE04EC0-301F-11D3-BF4B-00C04F79EFBC}") = "Driver", "Driver\Driver.csproj", "{8D1C339D-6E47-439D-BCC0-9362F071559D}"
EndProject
Project("{FAE04EC0-301F-11D3-BF4B-00C04F79EFBC}") = "GUI", "GUI\GUI.csproj", "{10B87B0B-CC9A-4B97-B420-68368D2C389C}"
EndProject
Project("{FAE04EC0-301F-11D3-BF4B-00C04F79EFBC}") = "ForumLogger", "ForumLogger\ForumLogger.csproj", "{81C8E1B4-33DE-449E-9321-6C3D42392E6C}"
EndProject
Project("{FAE04EC0-301F-11D3-BF4B-00C04F79EFBC}") = "User.UnitTests", "User.UnitTests\User.UnitTests.csproj", "{FE7B315D-4B05-4596-9588-FC17C3CE50D4}"
EndProject
Project("{FAE04EC0-301F-11D3-BF4B-00C04F79EFBC}") = "Forum.UnitTests", "Forum.UnitTests\Forum.UnitTests.csproj", "{6ABAA268-8A6D-40EF-9FE2-7F2CDB42ABAE}"
EndProject
Project("{FAE04EC0-301F-11D3-BF4B-00C04F79EFBC}") = "Message.UnitTests", "Message.UnitTests\Message.UnitTests.csproj", "{EF9723C4-89DA-4F91-AC6D-011EE9E1697D}"
EndProject
Project("{2150E333-8FDC-42A3-9474-1A3956D46DE8}") = "Tests", "Tests", "{CC13E08C-F46A-4316-B45C-9AC2C4240CD6}"
EndProject
Global
	GlobalSection(SolutionConfigurationPlatforms) = preSolution
		Debug|Any CPU = Debug|Any CPU
		Release|Any CPU = Release|Any CPU
	EndGlobalSection
	GlobalSection(ProjectConfigurationPlatforms) = postSolution
		{BDC8348C-A0D3-4D98-A918-3A0EE96B7B14}.Debug|Any CPU.ActiveCfg = Debug|Any CPU
		{BDC8348C-A0D3-4D98-A918-3A0EE96B7B14}.Debug|Any CPU.Build.0 = Debug|Any CPU
		{BDC8348C-A0D3-4D98-A918-3A0EE96B7B14}.Release|Any CPU.ActiveCfg = Release|Any CPU
		{BDC8348C-A0D3-4D98-A918-3A0EE96B7B14}.Release|Any CPU.Build.0 = Release|Any CPU
		{3EC39945-A4A6-47F8-9D63-EAA50E3C8978}.Debug|Any CPU.ActiveCfg = Debug|Any CPU
		{3EC39945-A4A6-47F8-9D63-EAA50E3C8978}.Debug|Any CPU.Build.0 = Debug|Any CPU
		{3EC39945-A4A6-47F8-9D63-EAA50E3C8978}.Release|Any CPU.ActiveCfg = Release|Any CPU
		{3EC39945-A4A6-47F8-9D63-EAA50E3C8978}.Release|Any CPU.Build.0 = Release|Any CPU
		{F940FC06-776F-4C10-BCD2-065589B28704}.Debug|Any CPU.ActiveCfg = Debug|Any CPU
		{F940FC06-776F-4C10-BCD2-065589B28704}.Debug|Any CPU.Build.0 = Debug|Any CPU
		{F940FC06-776F-4C10-BCD2-065589B28704}.Release|Any CPU.ActiveCfg = Release|Any CPU
		{F940FC06-776F-4C10-BCD2-065589B28704}.Release|Any CPU.Build.0 = Release|Any CPU
		{D703D080-077B-47AD-9DDB-790E37803D59}.Debug|Any CPU.ActiveCfg = Debug|Any CPU
		{D703D080-077B-47AD-9DDB-790E37803D59}.Debug|Any CPU.Build.0 = Debug|Any CPU
		{D703D080-077B-47AD-9DDB-790E37803D59}.Release|Any CPU.ActiveCfg = Release|Any CPU
		{D703D080-077B-47AD-9DDB-790E37803D59}.Release|Any CPU.Build.0 = Release|Any CPU
		{A70F8676-8970-4CC8-AAE5-8A574B50F924}.Debug|Any CPU.ActiveCfg = Debug|Any CPU
		{A70F8676-8970-4CC8-AAE5-8A574B50F924}.Debug|Any CPU.Build.0 = Debug|Any CPU
		{A70F8676-8970-4CC8-AAE5-8A574B50F924}.Release|Any CPU.ActiveCfg = Release|Any CPU
		{A70F8676-8970-4CC8-AAE5-8A574B50F924}.Release|Any CPU.Build.0 = Release|Any CPU
		{CD7BFCB0-9183-4222-8176-D42B80E991DE}.Debug|Any CPU.ActiveCfg = Debug|Any CPU
		{CD7BFCB0-9183-4222-8176-D42B80E991DE}.Debug|Any CPU.Build.0 = Debug|Any CPU
		{CD7BFCB0-9183-4222-8176-D42B80E991DE}.Release|Any CPU.ActiveCfg = Release|Any CPU
		{CD7BFCB0-9183-4222-8176-D42B80E991DE}.Release|Any CPU.Build.0 = Release|Any CPU
		{8D1C339D-6E47-439D-BCC0-9362F071559D}.Debug|Any CPU.ActiveCfg = Debug|Any CPU
		{8D1C339D-6E47-439D-BCC0-9362F071559D}.Debug|Any CPU.Build.0 = Debug|Any CPU
		{8D1C339D-6E47-439D-BCC0-9362F071559D}.Release|Any CPU.ActiveCfg = Release|Any CPU
		{8D1C339D-6E47-439D-BCC0-9362F071559D}.Release|Any CPU.Build.0 = Release|Any CPU
		{10B87B0B-CC9A-4B97-B420-68368D2C389C}.Debug|Any CPU.ActiveCfg = Debug|Any CPU
		{10B87B0B-CC9A-4B97-B420-68368D2C389C}.Debug|Any CPU.Build.0 = Debug|Any CPU
		{10B87B0B-CC9A-4B97-B420-68368D2C389C}.Release|Any CPU.ActiveCfg = Release|Any CPU
		{10B87B0B-CC9A-4B97-B420-68368D2C389C}.Release|Any CPU.Build.0 = Release|Any CPU
		{81C8E1B4-33DE-449E-9321-6C3D42392E6C}.Debug|Any CPU.ActiveCfg = Debug|Any CPU
		{81C8E1B4-33DE-449E-9321-6C3D42392E6C}.Debug|Any CPU.Build.0 = Debug|Any CPU
		{81C8E1B4-33DE-449E-9321-6C3D42392E6C}.Release|Any CPU.ActiveCfg = Release|Any CPU
		{81C8E1B4-33DE-449E-9321-6C3D42392E6C}.Release|Any CPU.Build.0 = Release|Any CPU
		{FE7B315D-4B05-4596-9588-FC17C3CE50D4}.Debug|Any CPU.ActiveCfg = Debug|Any CPU
		{FE7B315D-4B05-4596-9588-FC17C3CE50D4}.Debug|Any CPU.Build.0 = Debug|Any CPU
		{FE7B315D-4B05-4596-9588-FC17C3CE50D4}.Release|Any CPU.ActiveCfg = Release|Any CPU
		{FE7B315D-4B05-4596-9588-FC17C3CE50D4}.Release|Any CPU.Build.0 = Release|Any CPU
		{6ABAA268-8A6D-40EF-9FE2-7F2CDB42ABAE}.Debug|Any CPU.ActiveCfg = Debug|Any CPU
		{6ABAA268-8A6D-40EF-9FE2-7F2CDB42ABAE}.Debug|Any CPU.Build.0 = Debug|Any CPU
		{6ABAA268-8A6D-40EF-9FE2-7F2CDB42ABAE}.Release|Any CPU.ActiveCfg = Release|Any CPU
		{6ABAA268-8A6D-40EF-9FE2-7F2CDB42ABAE}.Release|Any CPU.Build.0 = Release|Any CPU
		{EF9723C4-89DA-4F91-AC6D-011EE9E1697D}.Debug|Any CPU.ActiveCfg = Debug|Any CPU
		{EF9723C4-89DA-4F91-AC6D-011EE9E1697D}.Debug|Any CPU.Build.0 = Debug|Any CPU
		{EF9723C4-89DA-4F91-AC6D-011EE9E1697D}.Release|Any CPU.ActiveCfg = Release|Any CPU
		{EF9723C4-89DA-4F91-AC6D-011EE9E1697D}.Release|Any CPU.Build.0 = Release|Any CPU
	EndGlobalSection
	GlobalSection(SolutionProperties) = preSolution
		HideSolutionNode = FALSE
	EndGlobalSection
	GlobalSection(NestedProjects) = preSolution
		{6ABAA268-8A6D-40EF-9FE2-7F2CDB42ABAE} = {CC13E08C-F46A-4316-B45C-9AC2C4240CD6}
		{EF9723C4-89DA-4F91-AC6D-011EE9E1697D} = {CC13E08C-F46A-4316-B45C-9AC2C4240CD6}
		{FE7B315D-4B05-4596-9588-FC17C3CE50D4} = {CC13E08C-F46A-4316-B45C-9AC2C4240CD6}
		{A70F8676-8970-4CC8-AAE5-8A574B50F924} = {CC13E08C-F46A-4316-B45C-9AC2C4240CD6}
	EndGlobalSection
EndGlobal
